#
# This file is autogenerated by pip-compile with Python 3.12
# by the following command:
#
#    pip-compile --extra=dev --no-emit-index-url --no-index --output-file=requirements.dev.lock --strip-extras pyproject.toml
#
aiohappyeyeballs==2.7.1
    # via aiohttp
aiohttp==3.14.3
    # via
    #   aads-server (pyproject.toml)
    #   kubernetes
    #   pywebpush
aiosignal==1.4.0
    # via aiohttp
alembic==1.19.2
    # via aads-server (pyproject.toml)
annotated-doc==0.0.5
    # via
    #   fastapi
    #   typer
annotated-types==0.8.0
    # via pydantic
anthropic==0.84.0
    # via
    #   aads-server (pyproject.toml)
    #   langchain-anthropic
anyio==4.15.1
    # via
    #   anthropic
    #   claude-agent-sdk
    #   google-genai
    #   httpx
    #   httpx2
    #   langsmith
    #   mcp
    #   openai
    #   sse-starlette
    #   starlette
    #   watchfiles
apscheduler==3.11.3
    # via aads-server (pyproject.toml)
ast-serialize==0.10.0
    # via mypy
asyncpg==0.31.0
    # via aads-server (pyproject.toml)
attrs==26.1.0
    # via
    #   aiohttp
    #   e2b
    #   e2b-code-interpreter
    #   jsonschema
    #   referencing
backoff==2.2.1
    # via langfuse
bcrypt==5.0.0
    # via chromadb
bracex==3.0.1
    # via wcmatch
build==1.6.0
    # via chromadb
certifi==2026.7.22
    # via
    #   httpcore
    #   httpx
    #   kubernetes
    #   langchain-openai
    #   requests
cffi==2.1.1
    # via cryptography
charset-normalizer==3.5.1
    # via
    #   pdfminer-six
    #   requests
chromadb==1.5.9
    # via aads-server (pyproject.toml)
claude-agent-sdk==0.2.152
    # via aads-server (pyproject.toml)
click==8.5.0
    # via
    #   huggingface-hub
    #   uvicorn
connectrpc==0.11.1
    # via e2b
coverage==7.16.0
    # via pytest-cov
cryptography==50.0.1
    # via
    #   google-auth
    #   http-ece
    #   pdfminer-six
    #   py-vapid
    #   pyjwt
    #   pywebpush
distro==1.9.0
    # via
    #   anthropic
    #   google-genai
    #   langsmith
docker==7.2.0
    # via aads-server (pyproject.toml)
dockerfile-parse==2.0.1
    # via e2b
docstring-parser==0.18.0
    # via anthropic
durationpy==0.11
    # via kubernetes
e2b==2.46.4
    # via e2b-code-interpreter
e2b-code-interpreter==2.4.1
    # via aads-server (pyproject.toml)
et-xmlfile==2.0.0
    # via openpyxl
fastapi==0.134.0
    # via
    #   aads-server (pyproject.toml)
    #   fastapi-mcp
fastapi-mcp==0.4.0
    # via aads-server (pyproject.toml)
filelock==3.32.5
    # via huggingface-hub
filetype==1.2.0
    # via langchain-google-genai
flatbuffers==25.12.19
    # via onnxruntime
frozenlist==1.8.0
    # via
    #   aiohttp
    #   aiosignal
fsspec==2026.7.0
    # via huggingface-hub
google-api-core==2.36.0
    # via google-api-python-client
google-api-python-client==2.200.0
    # via aads-server (pyproject.toml)
google-auth==2.57.1
    # via
    #   aads-server (pyproject.toml)
    #   google-api-core
    #   google-api-python-client
    #   google-auth-httplib2
    #   google-genai
google-auth-httplib2==0.4.2
    # via google-api-python-client
google-genai==2.22.0
    # via
    #   aads-server (pyproject.toml)
    #   langchain-google-genai
googleapis-common-protos==1.75.3
    # via
    #   google-api-core
    #   opentelemetry-exporter-otlp-proto-grpc
    #   opentelemetry-exporter-otlp-proto-http
greenlet==3.5.5
    # via
    #   playwright
    #   sqlalchemy
grpcio==1.83.1
    # via
    #   chromadb
    #   opentelemetry-exporter-otlp-proto-grpc
h11==0.16.0
    # via
    #   httpcore
    #   httpcore2
    #   uvicorn
h2==4.4.1
    # via e2b
hf-xet==1.6.0
    # via huggingface-hub
hiredis==3.4.1
    # via redis
hpack==4.2.0
    # via h2
http-ece==1.2.1
    # via pywebpush
httpcore==1.0.9
    # via httpx
httpcore2==2.12.0
    # via httpx2
httplib2==0.32.0
    # via
    #   google-api-python-client
    #   google-auth-httplib2
httptools==0.8.0
    # via uvicorn
httpx==0.28.1
    # via
    #   aads-server (pyproject.toml)
    #   anthropic
    #   chromadb
    #   e2b
    #   e2b-code-interpreter
    #   fastapi-mcp
    #   google-genai
    #   huggingface-hub
    #   langchain-core
    #   langfuse
    #   langgraph-sdk
    #   mcp
    #   python-telegram-bot
    #   upstash-redis
httpx-sse==0.4.3
    # via mcp
httpx2==2.12.0
    # via
    #   langsmith
    #   openai
huggingface-hub==1.30.0
    # via tokenizers
hyperframe==6.1.0
    # via h2
idna==3.19
    # via
    #   anyio
    #   httpx
    #   httpx2
    #   requests
    #   yarl
importlib-resources==7.1.0
    # via chromadb
iniconfig==2.3.0
    # via pytest
jiter==0.16.0
    # via
    #   anthropic
    #   openai
jsonpatch==1.33
    # via langchain-core
jsonpointer==3.1.1
    # via jsonpatch
jsonschema==4.26.0
    # via
    #   chromadb
    #   claude-agent-sdk
    #   mcp
jsonschema-specifications==2025.9.1
    # via jsonschema
kubernetes==36.0.3
    # via chromadb
langchain-anthropic==1.3.5
    # via aads-server (pyproject.toml)
langchain-core==1.6.2
    # via
    #   langchain-anthropic
    #   langchain-google-genai
    #   langchain-mcp-adapters
    #   langchain-openai
    #   langgraph
    #   langgraph-checkpoint
    #   langgraph-prebuilt
langchain-google-genai==4.4.0
    # via aads-server (pyproject.toml)
langchain-mcp-adapters==0.2.0
    # via aads-server (pyproject.toml)
langchain-openai==1.6.0
    # via aads-server (pyproject.toml)
langchain-protocol==0.0.19
    # via langchain-core
langfuse==4.15.1
    # via aads-server (pyproject.toml)
langgraph==1.1.10
    # via aads-server (pyproject.toml)
langgraph-checkpoint==4.0.1
    # via
    #   aads-server (pyproject.toml)
    #   langgraph
    #   langgraph-checkpoint-postgres
    #   langgraph-prebuilt
langgraph-checkpoint-postgres==3.0.4
    # via aads-server (pyproject.toml)
langgraph-prebuilt==1.0.13
    # via langgraph
langgraph-sdk==0.3.15
    # via langgraph
langsmith==0.12.2
    # via langchain-core
librt==0.15.0
    # via mypy
lxml==6.1.3
    # via python-docx
mako==1.4.1
    # via alembic
markdown-it-py==4.2.0
    # via rich
markupsafe==3.0.3
    # via mako
mcp==1.29.0
    # via
    #   aads-server (pyproject.toml)
    #   claude-agent-sdk
    #   fastapi-mcp
    #   langchain-mcp-adapters
mdurl==0.1.2
    # via markdown-it-py
mmh3==5.3.0
    # via chromadb
multidict==6.7.1
    # via
    #   aiohttp
    #   yarl
mypy==2.3.1
    # via aads-server (pyproject.toml)
mypy-extensions==1.1.0
    # via mypy
numpy==2.5.3
    # via
    #   chromadb
    #   onnxruntime
oauthlib==3.3.1
    # via requests-oauthlib
onnxruntime==1.29.0
    # via chromadb
openai==3.8.0
    # via langchain-openai
openpyxl==3.1.5
    # via aads-server (pyproject.toml)
opentelemetry-api==1.44.0
    # via
    #   chromadb
    #   google-api-core
    #   langfuse
    #   opentelemetry-exporter-otlp-proto-grpc
    #   opentelemetry-exporter-otlp-proto-http
    #   opentelemetry-sdk
    #   opentelemetry-semantic-conventions
    #   pyqwest
opentelemetry-exporter-otlp-proto-common==1.44.0
    # via
    #   opentelemetry-exporter-otlp-proto-grpc
    #   opentelemetry-exporter-otlp-proto-http
opentelemetry-exporter-otlp-proto-grpc==1.44.0
    # via chromadb
opentelemetry-exporter-otlp-proto-http==1.44.0
    # via langfuse
opentelemetry-proto==1.44.0
    # via
    #   opentelemetry-exporter-otlp-proto-common
    #   opentelemetry-exporter-otlp-proto-grpc
    #   opentelemetry-exporter-otlp-proto-http
opentelemetry-sdk==1.44.0
    # via
    #   chromadb
    #   langfuse
    #   opentelemetry-exporter-otlp-proto-grpc
    #   opentelemetry-exporter-otlp-proto-http
opentelemetry-semantic-conventions==0.65b0
    # via opentelemetry-sdk
orjson==3.12.0
    # via
    #   chromadb
    #   langgraph-checkpoint-postgres
    #   langgraph-sdk
    #   langsmith
ormsgpack==1.12.2
    # via langgraph-checkpoint
overrides==7.7.0
    # via chromadb
packaging==26.3
    # via
    #   build
    #   e2b
    #   huggingface-hub
    #   langchain-core
    #   langfuse
    #   langsmith
    #   onnxruntime
    #   pytest
pathspec==1.1.1
    # via mypy
pdfminer-six==20260107
    # via pdfplumber
pdfplumber==0.11.10
    # via aads-server (pyproject.toml)
pgvector==0.5.0
    # via aads-server (pyproject.toml)
pillow==12.3.0
    # via
    #   aads-server (pyproject.toml)
    #   pdfplumber
playwright==1.62.0
    # via aads-server (pyproject.toml)
pluggy==1.6.0
    # via
    #   pytest
    #   pytest-cov
propcache==0.5.2
    # via
    #   aiohttp
    #   yarl
proto-plus==1.28.4
    # via google-api-core
protobuf==7.36.1
    # via
    #   google-api-core
    #   googleapis-common-protos
    #   onnxruntime
    #   opentelemetry-proto
    #   proto-plus
protobuf-py==0.1.1
    # via
    #   connectrpc
    #   e2b
protobuf-py-ext==0.1.1
    # via protobuf-py
psycopg==3.3.5
    # via
    #   aads-server (pyproject.toml)
    #   langgraph-checkpoint-postgres
psycopg-binary==3.3.5
    # via psycopg
psycopg-pool==3.3.1
    # via langgraph-checkpoint-postgres
py-vapid==1.9.4
    # via pywebpush
pyasn1==0.6.4
    # via pyasn1-modules
pyasn1-modules==0.4.2
    # via google-auth
pybase64==1.5.0
    # via chromadb
pycparser==3.0
    # via cffi
pydantic==2.13.5
    # via
    #   aads-server (pyproject.toml)
    #   anthropic
    #   chromadb
    #   fastapi
    #   fastapi-mcp
    #   google-genai
    #   langchain-anthropic
    #   langchain-core
    #   langchain-google-genai
    #   langfuse
    #   langgraph
    #   langsmith
    #   mcp
    #   openai
    #   pydantic-settings
pydantic-core==2.46.5
    # via pydantic
pydantic-settings==2.15.0
    # via
    #   aads-server (pyproject.toml)
    #   chromadb
    #   fastapi-mcp
    #   mcp
pyee==13.0.1
    # via playwright
pygments==2.21.0
    # via
    #   pytest
    #   rich
pyjwt==2.13.0
    # via mcp
pymysql==1.2.0
    # via aads-server (pyproject.toml)
pyparsing==3.3.2
    # via httplib2
pypdfium2==5.13.0
    # via pdfplumber
pypika==0.51.1
    # via chromadb
pyproject-hooks==1.2.0
    # via build
pyqwest==0.10.0
    # via
    #   connectrpc
    #   e2b
pytest==9.1.1
    # via
    #   aads-server (pyproject.toml)
    #   pytest-asyncio
    #   pytest-cov
pytest-asyncio==1.4.0
    # via aads-server (pyproject.toml)
pytest-cov==7.1.0
    # via aads-server (pyproject.toml)
python-dateutil==2.9.0.post0
    # via
    #   aads-server (pyproject.toml)
    #   e2b
    #   kubernetes
python-docx==1.2.0
    # via aads-server (pyproject.toml)
python-dotenv==1.2.3
    # via
    #   pydantic-settings
    #   uvicorn
python-multipart==0.0.32
    # via
    #   aads-server (pyproject.toml)
    #   mcp
python-telegram-bot==22.8
    # via aads-server (pyproject.toml)
pywebpush==2.5.0
    # via aads-server (pyproject.toml)
pyyaml==6.0.3
    # via
    #   chromadb
    #   huggingface-hub
    #   kubernetes
    #   langchain-core
    #   uvicorn
redis==8.1.0
    # via aads-server (pyproject.toml)
referencing==0.37.0
    # via
    #   jsonschema
    #   jsonschema-specifications
regex==2026.9.3
    # via tiktoken
requests==2.34.2
    # via
    #   docker
    #   fastapi-mcp
    #   google-api-core
    #   google-auth
    #   google-genai
    #   kubernetes
    #   langsmith
    #   opentelemetry-exporter-otlp-proto-http
    #   pywebpush
    #   requests-oauthlib
    #   requests-toolbelt
    #   tiktoken
requests-oauthlib==2.0.0
    # via kubernetes
requests-toolbelt==1.0.0
    # via langsmith
rich==15.0.0
    # via
    #   chromadb
    #   e2b
    #   fastapi-mcp
    #   typer
rpds-py==2026.6.3
    # via
    #   jsonschema
    #   referencing
ruff==0.16.6
    # via aads-server (pyproject.toml)
shellingham==1.5.4
    # via typer
six==1.17.0
    # via
    #   kubernetes
    #   python-dateutil
sniffio==1.3.1
    # via
    #   anthropic
    #   claude-agent-sdk
    #   google-genai
    #   langsmith
    #   openai
sqlalchemy==2.0.52
    # via alembic
sse-starlette==3.4.11
    # via
    #   aads-server (pyproject.toml)
    #   mcp
starlette==1.6.0
    # via
    #   fastapi
    #   mcp
    #   sse-starlette
structlog==26.1.0
    # via aads-server (pyproject.toml)
supervisor==4.3.0
    # via aads-server (pyproject.toml)
tenacity==9.1.4
    # via
    #   aads-server (pyproject.toml)
    #   chromadb
    #   google-genai
    #   langchain-core
tiktoken==0.14.0
    # via langchain-openai
tokenizers==0.23.2
    # via chromadb
tomli==2.4.1
    # via fastapi-mcp
tqdm==4.70.0
    # via
    #   chromadb
    #   huggingface-hub
truststore==0.10.4
    # via
    #   httpcore2
    #   httpx2
typer==0.27.2
    # via
    #   chromadb
    #   fastapi-mcp
typing-extensions==4.16.0
    # via
    #   aiohttp
    #   aiosignal
    #   alembic
    #   anthropic
    #   anyio
    #   chromadb
    #   e2b
    #   fastapi
    #   google-genai
    #   grpcio
    #   httpx2
    #   huggingface-hub
    #   langchain-core
    #   langchain-mcp-adapters
    #   langchain-protocol
    #   langfuse
    #   langsmith
    #   mcp
    #   mypy
    #   openai
    #   opentelemetry-api
    #   opentelemetry-exporter-otlp-proto-grpc
    #   opentelemetry-exporter-otlp-proto-http
    #   opentelemetry-sdk
    #   opentelemetry-semantic-conventions
    #   psycopg
    #   psycopg-pool
    #   pydantic
    #   pydantic-core
    #   pyee
    #   pytest-asyncio
    #   python-docx
    #   referencing
    #   sqlalchemy
    #   starlette
    #   typing-inspection
typing-inspection==0.4.4
    # via
    #   fastapi
    #   mcp
    #   pydantic
    #   pydantic-settings
tzlocal==5.4.4
    # via apscheduler
upstash-redis==1.8.0
    # via aads-server (pyproject.toml)
uritemplate==4.2.0
    # via google-api-python-client
urllib3==2.7.0
    # via
    #   docker
    #   kubernetes
    #   requests
uuid-utils==0.17.0
    # via
    #   langchain-core
    #   langsmith
uvicorn==0.52.4
    # via
    #   aads-server (pyproject.toml)
    #   chromadb
    #   fastapi-mcp
    #   mcp
uvloop==0.22.1
    # via uvicorn
watchfiles==1.2.0
    # via uvicorn
wcmatch==11.0.1
    # via e2b
websocket-client==1.9.2
    # via kubernetes
websockets==16.1.1
    # via
    #   google-genai
    #   langsmith
    #   uvicorn
wrapt==2.4.0
    # via langfuse
xxhash==4.0.1
    # via
    #   langgraph
    #   langsmith
yarl==1.24.5
    # via aiohttp
zstandard==0.25.0
    # via langsmith
