#
# This file is autogenerated by pip-compile with Python 3.12
# by the following command:
#
#    pip-compile --no-emit-index-url --no-index --output-file=requirements.visual.lock --strip-extras requirements.visual.in
#
greenlet==3.5.5
    # via playwright
pillow==12.3.0
    # via -r requirements.visual.in
playwright==1.62.0
    # via -r requirements.visual.in
pyee==13.0.1
    # via playwright
typing-extensions==4.16.0
    # via pyee
